
Microsoft Visual Studio Solution File, Format Version 12.00
# Visual Studio Version 17
VisualStudioVersion = 17.11.35312.102
MinimumVisualStudioVersion = 10.0.40219.1
Project("{2150E333-8FDC-42A3-9474-1A3956D46DE8}") = "Services", "Services", "{08F2BD78-1A3D-47BE-AECF-850697D83A1B}"
EndProject
Project("{2150E333-8FDC-42A3-9474-1A3956D46DE8}") = "Catalog", "Catalog", "{925D445E-B55B-4DB5-85C1-C4636BE79CE5}"
EndProject
Project("{FAE04EC0-301F-11D3-BF4B-00C04F79EFBC}") = "Catalog.API", "src\Services\Catalog\Catalog.API\Catalog.API.csproj", "{11B5DD2A-90A6-4545-952B-B3C7CDE0FAF0}"
EndProject
Global
	GlobalSection(SolutionConfigurationPlatforms) = preSolution
		Debug|Any CPU = Debug|Any CPU
		Release|Any CPU = Release|Any CPU
	EndGlobalSection
	GlobalSection(ProjectConfigurationPlatforms) = postSolution
		{11B5DD2A-90A6-4545-952B-B3C7CDE0FAF0}.Debug|Any CPU.ActiveCfg = Debug|Any CPU
		{11B5DD2A-90A6-4545-952B-B3C7CDE0FAF0}.Debug|Any CPU.Build.0 = Debug|Any CPU
		{11B5DD2A-90A6-4545-952B-B3C7CDE0FAF0}.Release|Any CPU.ActiveCfg = Release|Any CPU
		{11B5DD2A-90A6-4545-952B-B3C7CDE0FAF0}.Release|Any CPU.Build.0 = Release|Any CPU
	EndGlobalSection
	GlobalSection(SolutionProperties) = preSolution
		HideSolutionNode = FALSE
	EndGlobalSection
	GlobalSection(NestedProjects) = preSolution
		{925D445E-B55B-4DB5-85C1-C4636BE79CE5} = {08F2BD78-1A3D-47BE-AECF-850697D83A1B}
		{11B5DD2A-90A6-4545-952B-B3C7CDE0FAF0} = {925D445E-B55B-4DB5-85C1-C4636BE79CE5}
	EndGlobalSection
	GlobalSection(ExtensibilityGlobals) = postSolution
		SolutionGuid = {BFEBFCC8-5C03-43F4-B330-E71E8DF0BE01}
	EndGlobalSection
EndGlobal
